
Microsoft Visual Studio Solution File, Format Version 12.00
# Visual Studio Version 17
VisualStudioVersion = 17.1.32407.343
MinimumVisualStudioVersion = 10.0.40219.1
Project("{9A19103F-16F7-4668-BE54-9A1E7A4F7556}") = "Adaptive.WebApi", "Adaptive.WebApi\Adaptive.WebApi.csproj", "{330E9CB0-4CF9-4179-9259-0DD18C61F0A4}"
EndProject
Project("{9A19103F-16F7-4668-BE54-9A1E7A4F7556}") = "Adaptive.Data", "Adaptive.Data\Adaptive.Data.csproj", "{9DFDDED6-89C3-4EB5-8C13-548B02D18E06}"
	ProjectSection(ProjectDependencies) = postProject
		{6DC89C25-62C4-4AF7-BFF3-4939ACC4E8F9} = {6DC89C25-62C4-4AF7-BFF3-4939ACC4E8F9}
	EndProjectSection
EndProject
Project("{9A19103F-16F7-4668-BE54-9A1E7A4F7556}") = "Adaptive.DataObjects", "Adaptive.DataObjects\Adaptive.DataObjects.csproj", "{6DC89C25-62C4-4AF7-BFF3-4939ACC4E8F9}"
EndProject
Project("{2150E333-8FDC-42A3-9474-1A3956D46DE8}") = "Solution Items", "Solution Items", "{0EB4B2F6-E561-4A1A-AA44-7CACF24F0326}"
	ProjectSection(SolutionItems) = preProject
		.editorconfig = .editorconfig
	EndProjectSection
EndProject
Project("{FAE04EC0-301F-11D3-BF4B-00C04F79EFBC}") = "Adaptive.SMTP", "Adaptive.SMTP\Adaptive.SMTP.csproj", "{E60A1F0C-6BFF-4FCB-A07A-C2DCC4DAED24}"
EndProject
Global
	GlobalSection(SolutionConfigurationPlatforms) = preSolution
		Debug|Any CPU = Debug|Any CPU
		Release|Any CPU = Release|Any CPU
	EndGlobalSection
	GlobalSection(ProjectConfigurationPlatforms) = postSolution
		{330E9CB0-4CF9-4179-9259-0DD18C61F0A4}.Debug|Any CPU.ActiveCfg = Debug|Any CPU
		{330E9CB0-4CF9-4179-9259-0DD18C61F0A4}.Debug|Any CPU.Build.0 = Debug|Any CPU
		{330E9CB0-4CF9-4179-9259-0DD18C61F0A4}.Release|Any CPU.ActiveCfg = Release|Any CPU
		{330E9CB0-4CF9-4179-9259-0DD18C61F0A4}.Release|Any CPU.Build.0 = Release|Any CPU
		{9DFDDED6-89C3-4EB5-8C13-548B02D18E06}.Debug|Any CPU.ActiveCfg = Debug|Any CPU
		{9DFDDED6-89C3-4EB5-8C13-548B02D18E06}.Debug|Any CPU.Build.0 = Debug|Any CPU
		{9DFDDED6-89C3-4EB5-8C13-548B02D18E06}.Release|Any CPU.ActiveCfg = Release|Any CPU
		{9DFDDED6-89C3-4EB5-8C13-548B02D18E06}.Release|Any CPU.Build.0 = Release|Any CPU
		{6DC89C25-62C4-4AF7-BFF3-4939ACC4E8F9}.Debug|Any CPU.ActiveCfg = Debug|Any CPU
		{6DC89C25-62C4-4AF7-BFF3-4939ACC4E8F9}.Debug|Any CPU.Build.0 = Debug|Any CPU
		{6DC89C25-62C4-4AF7-BFF3-4939ACC4E8F9}.Release|Any CPU.ActiveCfg = Release|Any CPU
		{6DC89C25-62C4-4AF7-BFF3-4939ACC4E8F9}.Release|Any CPU.Build.0 = Release|Any CPU
		{E60A1F0C-6BFF-4FCB-A07A-C2DCC4DAED24}.Debug|Any CPU.ActiveCfg = Debug|Any CPU
		{E60A1F0C-6BFF-4FCB-A07A-C2DCC4DAED24}.Debug|Any CPU.Build.0 = Debug|Any CPU
		{E60A1F0C-6BFF-4FCB-A07A-C2DCC4DAED24}.Release|Any CPU.ActiveCfg = Release|Any CPU
		{E60A1F0C-6BFF-4FCB-A07A-C2DCC4DAED24}.Release|Any CPU.Build.0 = Release|Any CPU
	EndGlobalSection
	GlobalSection(SolutionProperties) = preSolution
		HideSolutionNode = FALSE
	EndGlobalSection
	GlobalSection(ExtensibilityGlobals) = postSolution
		SolutionGuid = {7AD13E14-F320-42FC-8657-9AF1E5B48AA0}
	EndGlobalSection
EndGlobal
